
Microsoft Visual Studio Solution File, Format Version 12.00
Project("{2150E333-8FDC-42A3-9474-1A3956D46DE8}") = "src", "src", "{8E5FDE75-5920-439A-894D-BF9B19CA088E}"
EndProject
Project("{FAE04EC0-301F-11D3-BF4B-00C04F79EFBC}") = "Domain", "src\Domain\Domain.csproj", "{A3210EB5-997C-4957-94A5-3B3717AFDBCC}"
EndProject
Project("{FAE04EC0-301F-11D3-BF4B-00C04F79EFBC}") = "Infrastructure", "src\Infrastructure\Infrastructure.csproj", "{AA2AF411-65D6-4B22-AC8D-9A3E670D9D67}"
EndProject
Project("{FAE04EC0-301F-11D3-BF4B-00C04F79EFBC}") = "Application", "src\Application\Application.csproj", "{505AB63B-D2BD-48DF-B735-4FA4BEC07D05}"
EndProject
Global
	GlobalSection(SolutionConfigurationPlatforms) = preSolution
		Debug|Any CPU = Debug|Any CPU
		Release|Any CPU = Release|Any CPU
	EndGlobalSection
	GlobalSection(NestedProjects) = preSolution
		{A3210EB5-997C-4957-94A5-3B3717AFDBCC} = {8E5FDE75-5920-439A-894D-BF9B19CA088E}
		{AA2AF411-65D6-4B22-AC8D-9A3E670D9D67} = {8E5FDE75-5920-439A-894D-BF9B19CA088E}
		{505AB63B-D2BD-48DF-B735-4FA4BEC07D05} = {8E5FDE75-5920-439A-894D-BF9B19CA088E}
	EndGlobalSection
	GlobalSection(ProjectConfigurationPlatforms) = postSolution
		{A3210EB5-997C-4957-94A5-3B3717AFDBCC}.Debug|Any CPU.ActiveCfg = Debug|Any CPU
		{A3210EB5-997C-4957-94A5-3B3717AFDBCC}.Debug|Any CPU.Build.0 = Debug|Any CPU
		{A3210EB5-997C-4957-94A5-3B3717AFDBCC}.Release|Any CPU.ActiveCfg = Release|Any CPU
		{A3210EB5-997C-4957-94A5-3B3717AFDBCC}.Release|Any CPU.Build.0 = Release|Any CPU
		{AA2AF411-65D6-4B22-AC8D-9A3E670D9D67}.Debug|Any CPU.ActiveCfg = Debug|Any CPU
		{AA2AF411-65D6-4B22-AC8D-9A3E670D9D67}.Debug|Any CPU.Build.0 = Debug|Any CPU
		{AA2AF411-65D6-4B22-AC8D-9A3E670D9D67}.Release|Any CPU.ActiveCfg = Release|Any CPU
		{AA2AF411-65D6-4B22-AC8D-9A3E670D9D67}.Release|Any CPU.Build.0 = Release|Any CPU
		{505AB63B-D2BD-48DF-B735-4FA4BEC07D05}.Debug|Any CPU.ActiveCfg = Debug|Any CPU
		{505AB63B-D2BD-48DF-B735-4FA4BEC07D05}.Debug|Any CPU.Build.0 = Debug|Any CPU
		{505AB63B-D2BD-48DF-B735-4FA4BEC07D05}.Release|Any CPU.ActiveCfg = Release|Any CPU
		{505AB63B-D2BD-48DF-B735-4FA4BEC07D05}.Release|Any CPU.Build.0 = Release|Any CPU
	EndGlobalSection
EndGlobal
